
Microsoft Visual Studio Solution File, Format Version 12.00
# Visual Studio 15
VisualStudioVersion = 15.0.28010.2048
MinimumVisualStudioVersion = 10.0.40219.1
Project("{FAE04EC0-301F-11D3-BF4B-00C04F79EFBC}") = "OperatorOverloading", "OperatorOverloading\OperatorOverloading.csproj", "{06186CE5-EBE6-4326-9F0D-0390D54B6CA2}"
EndProject
Global
	GlobalSection(SolutionConfigurationPlatforms) = preSolution
		Debug|Any CPU = Debug|Any CPU
		Release|Any CPU = Release|Any CPU
	EndGlobalSection
	GlobalSection(ProjectConfigurationPlatforms) = postSolution
		{06186CE5-EBE6-4326-9F0D-0390D54B6CA2}.Debug|Any CPU.ActiveCfg = Debug|Any CPU
		{06186CE5-EBE6-4326-9F0D-0390D54B6CA2}.Debug|Any CPU.Build.0 = Debug|Any CPU
		{06186CE5-EBE6-4326-9F0D-0390D54B6CA2}.Release|Any CPU.ActiveCfg = Release|Any CPU
		{06186CE5-EBE6-4326-9F0D-0390D54B6CA2}.Release|Any CPU.Build.0 = Release|Any CPU
	EndGlobalSection
	GlobalSection(SolutionProperties) = preSolution
		HideSolutionNode = FALSE
	EndGlobalSection
	GlobalSection(ExtensibilityGlobals) = postSolution
		SolutionGuid = {782BCB93-D642-4E71-8465-8B05FCA9EAF7}
	EndGlobalSection
EndGlobal
