
Microsoft Visual Studio Solution File, Format Version 12.00
# Visual Studio 15
VisualStudioVersion = 15.0.28010.2048
MinimumVisualStudioVersion = 10.0.40219.1
Project("{FAE04EC0-301F-11D3-BF4B-00C04F79EFBC}") = "Class_Method_Drill4", "Class_Method_Drill4\Class_Method_Drill4.csproj", "{52939BDE-2DC6-4905-933B-C1B64391E7C4}"
EndProject
Global
	GlobalSection(SolutionConfigurationPlatforms) = preSolution
		Debug|Any CPU = Debug|Any CPU
		Release|Any CPU = Release|Any CPU
	EndGlobalSection
	GlobalSection(ProjectConfigurationPlatforms) = postSolution
		{52939BDE-2DC6-4905-933B-C1B64391E7C4}.Debug|Any CPU.ActiveCfg = Debug|Any CPU
		{52939BDE-2DC6-4905-933B-C1B64391E7C4}.Debug|Any CPU.Build.0 = Debug|Any CPU
		{52939BDE-2DC6-4905-933B-C1B64391E7C4}.Release|Any CPU.ActiveCfg = Release|Any CPU
		{52939BDE-2DC6-4905-933B-C1B64391E7C4}.Release|Any CPU.Build.0 = Release|Any CPU
	EndGlobalSection
	GlobalSection(SolutionProperties) = preSolution
		HideSolutionNode = FALSE
	EndGlobalSection
	GlobalSection(ExtensibilityGlobals) = postSolution
		SolutionGuid = {DFB200C1-F2B8-4D40-8E2F-AAEA4B175EA8}
	EndGlobalSection
EndGlobal
