
Microsoft Visual Studio Solution File, Format Version 12.00
# Visual Studio 15
VisualStudioVersion = 15.0.28010.2048
MinimumVisualStudioVersion = 10.0.40219.1
Project("{FAE04EC0-301F-11D3-BF4B-00C04F79EFBC}") = "Generic_Drill", "Generic_Drill\Generic_Drill.csproj", "{5B064CF1-98A6-4874-B220-756A7557544F}"
EndProject
Global
	GlobalSection(SolutionConfigurationPlatforms) = preSolution
		Debug|Any CPU = Debug|Any CPU
		Release|Any CPU = Release|Any CPU
	EndGlobalSection
	GlobalSection(ProjectConfigurationPlatforms) = postSolution
		{5B064CF1-98A6-4874-B220-756A7557544F}.Debug|Any CPU.ActiveCfg = Debug|Any CPU
		{5B064CF1-98A6-4874-B220-756A7557544F}.Debug|Any CPU.Build.0 = Debug|Any CPU
		{5B064CF1-98A6-4874-B220-756A7557544F}.Release|Any CPU.ActiveCfg = Release|Any CPU
		{5B064CF1-98A6-4874-B220-756A7557544F}.Release|Any CPU.Build.0 = Release|Any CPU
	EndGlobalSection
	GlobalSection(SolutionProperties) = preSolution
		HideSolutionNode = FALSE
	EndGlobalSection
	GlobalSection(ExtensibilityGlobals) = postSolution
		SolutionGuid = {F3F8015D-E657-43AE-9470-BD9EE114D63B}
	EndGlobalSection
EndGlobal
