
Microsoft Visual Studio Solution File, Format Version 12.00
# Visual Studio 15
VisualStudioVersion = 15.0.28010.2048
MinimumVisualStudioVersion = 10.0.40219.1
Project("{FAE04EC0-301F-11D3-BF4B-00C04F79EFBC}") = "Loops_Drill", "Loops_Drill\Loops_Drill.csproj", "{874CFE55-FB01-4523-8457-BD3E399EDE5A}"
EndProject
Global
	GlobalSection(SolutionConfigurationPlatforms) = preSolution
		Debug|Any CPU = Debug|Any CPU
		Release|Any CPU = Release|Any CPU
	EndGlobalSection
	GlobalSection(ProjectConfigurationPlatforms) = postSolution
		{874CFE55-FB01-4523-8457-BD3E399EDE5A}.Debug|Any CPU.ActiveCfg = Debug|Any CPU
		{874CFE55-FB01-4523-8457-BD3E399EDE5A}.Debug|Any CPU.Build.0 = Debug|Any CPU
		{874CFE55-FB01-4523-8457-BD3E399EDE5A}.Release|Any CPU.ActiveCfg = Release|Any CPU
		{874CFE55-FB01-4523-8457-BD3E399EDE5A}.Release|Any CPU.Build.0 = Release|Any CPU
	EndGlobalSection
	GlobalSection(SolutionProperties) = preSolution
		HideSolutionNode = FALSE
	EndGlobalSection
	GlobalSection(ExtensibilityGlobals) = postSolution
		SolutionGuid = {A52C5902-B5F3-44E8-B006-A348E9EDCEE5}
	EndGlobalSection
EndGlobal
