
Microsoft Visual Studio Solution File, Format Version 12.00
# Visual Studio 15
VisualStudioVersion = 15.0.28010.2048
MinimumVisualStudioVersion = 10.0.40219.1
Project("{FAE04EC0-301F-11D3-BF4B-00C04F79EFBC}") = "Shipping_Quote", "Shipping_Quote\Shipping_Quote.csproj", "{52C31B96-12C3-4496-99C1-829D47602D20}"
EndProject
Global
	GlobalSection(SolutionConfigurationPlatforms) = preSolution
		Debug|Any CPU = Debug|Any CPU
		Release|Any CPU = Release|Any CPU
	EndGlobalSection
	GlobalSection(ProjectConfigurationPlatforms) = postSolution
		{52C31B96-12C3-4496-99C1-829D47602D20}.Debug|Any CPU.ActiveCfg = Debug|Any CPU
		{52C31B96-12C3-4496-99C1-829D47602D20}.Debug|Any CPU.Build.0 = Debug|Any CPU
		{52C31B96-12C3-4496-99C1-829D47602D20}.Release|Any CPU.ActiveCfg = Release|Any CPU
		{52C31B96-12C3-4496-99C1-829D47602D20}.Release|Any CPU.Build.0 = Release|Any CPU
	EndGlobalSection
	GlobalSection(SolutionProperties) = preSolution
		HideSolutionNode = FALSE
	EndGlobalSection
	GlobalSection(ExtensibilityGlobals) = postSolution
		SolutionGuid = {318C5779-3C6E-476D-9371-4E8DAF5CA620}
	EndGlobalSection
EndGlobal
