
Microsoft Visual Studio Solution File, Format Version 12.00
# Visual Studio 15
VisualStudioVersion = 15.0.28010.2048
MinimumVisualStudioVersion = 10.0.40219.1
Project("{FAE04EC0-301F-11D3-BF4B-00C04F79EFBC}") = "Car_Insurance_App", "Car_Insurance_App\Car_Insurance_App.csproj", "{2A5980F5-76CB-43E5-AC0B-C0C115ABDCF9}"
EndProject
Global
	GlobalSection(SolutionConfigurationPlatforms) = preSolution
		Debug|Any CPU = Debug|Any CPU
		Release|Any CPU = Release|Any CPU
	EndGlobalSection
	GlobalSection(ProjectConfigurationPlatforms) = postSolution
		{2A5980F5-76CB-43E5-AC0B-C0C115ABDCF9}.Debug|Any CPU.ActiveCfg = Debug|Any CPU
		{2A5980F5-76CB-43E5-AC0B-C0C115ABDCF9}.Debug|Any CPU.Build.0 = Debug|Any CPU
		{2A5980F5-76CB-43E5-AC0B-C0C115ABDCF9}.Release|Any CPU.ActiveCfg = Release|Any CPU
		{2A5980F5-76CB-43E5-AC0B-C0C115ABDCF9}.Release|Any CPU.Build.0 = Release|Any CPU
	EndGlobalSection
	GlobalSection(SolutionProperties) = preSolution
		HideSolutionNode = FALSE
	EndGlobalSection
	GlobalSection(ExtensibilityGlobals) = postSolution
		SolutionGuid = {52371DBC-CBF7-48F6-823C-48F46DE72BFD}
	EndGlobalSection
EndGlobal
