
Microsoft Visual Studio Solution File, Format Version 12.00
# Visual Studio 15
VisualStudioVersion = 15.0.28010.2048
MinimumVisualStudioVersion = 10.0.40219.1
Project("{FAE04EC0-301F-11D3-BF4B-00C04F79EFBC}") = "math_Drill", "math_Drill\math_Drill.csproj", "{40EEC458-0563-40DC-AD08-0B6661EDEFAF}"
EndProject
Global
	GlobalSection(SolutionConfigurationPlatforms) = preSolution
		Debug|Any CPU = Debug|Any CPU
		Release|Any CPU = Release|Any CPU
	EndGlobalSection
	GlobalSection(ProjectConfigurationPlatforms) = postSolution
		{40EEC458-0563-40DC-AD08-0B6661EDEFAF}.Debug|Any CPU.ActiveCfg = Debug|Any CPU
		{40EEC458-0563-40DC-AD08-0B6661EDEFAF}.Debug|Any CPU.Build.0 = Debug|Any CPU
		{40EEC458-0563-40DC-AD08-0B6661EDEFAF}.Release|Any CPU.ActiveCfg = Release|Any CPU
		{40EEC458-0563-40DC-AD08-0B6661EDEFAF}.Release|Any CPU.Build.0 = Release|Any CPU
	EndGlobalSection
	GlobalSection(SolutionProperties) = preSolution
		HideSolutionNode = FALSE
	EndGlobalSection
	GlobalSection(ExtensibilityGlobals) = postSolution
		SolutionGuid = {A6A37D30-BA12-4ED2-98C1-1C9F5005B11F}
	EndGlobalSection
EndGlobal
