
Microsoft Visual Studio Solution File, Format Version 12.00
# Visual Studio 15
VisualStudioVersion = 15.0.28010.2048
MinimumVisualStudioVersion = 10.0.40219.1
Project("{FAE04EC0-301F-11D3-BF4B-00C04F79EFBC}") = "Inheritance", "Inheritance\Inheritance.csproj", "{8AC4F945-1CF6-4EE5-A7C7-7D8105368B4A}"
EndProject
Global
	GlobalSection(SolutionConfigurationPlatforms) = preSolution
		Debug|Any CPU = Debug|Any CPU
		Release|Any CPU = Release|Any CPU
	EndGlobalSection
	GlobalSection(ProjectConfigurationPlatforms) = postSolution
		{8AC4F945-1CF6-4EE5-A7C7-7D8105368B4A}.Debug|Any CPU.ActiveCfg = Debug|Any CPU
		{8AC4F945-1CF6-4EE5-A7C7-7D8105368B4A}.Debug|Any CPU.Build.0 = Debug|Any CPU
		{8AC4F945-1CF6-4EE5-A7C7-7D8105368B4A}.Release|Any CPU.ActiveCfg = Release|Any CPU
		{8AC4F945-1CF6-4EE5-A7C7-7D8105368B4A}.Release|Any CPU.Build.0 = Release|Any CPU
	EndGlobalSection
	GlobalSection(SolutionProperties) = preSolution
		HideSolutionNode = FALSE
	EndGlobalSection
	GlobalSection(ExtensibilityGlobals) = postSolution
		SolutionGuid = {6B77D49F-B819-4FCA-9093-6FCE4E2018D6}
	EndGlobalSection
EndGlobal
