
Microsoft Visual Studio Solution File, Format Version 12.00
# Visual Studio 15
VisualStudioVersion = 15.0.28010.2048
MinimumVisualStudioVersion = 10.0.40219.1
Project("{FAE04EC0-301F-11D3-BF4B-00C04F79EFBC}") = "AdditionalFeatures", "AdditionalFeatures\AdditionalFeatures.csproj", "{8D7D75C2-DB7C-4216-83FB-CCAE86BFAA08}"
EndProject
Global
	GlobalSection(SolutionConfigurationPlatforms) = preSolution
		Debug|Any CPU = Debug|Any CPU
		Release|Any CPU = Release|Any CPU
	EndGlobalSection
	GlobalSection(ProjectConfigurationPlatforms) = postSolution
		{8D7D75C2-DB7C-4216-83FB-CCAE86BFAA08}.Debug|Any CPU.ActiveCfg = Debug|Any CPU
		{8D7D75C2-DB7C-4216-83FB-CCAE86BFAA08}.Debug|Any CPU.Build.0 = Debug|Any CPU
		{8D7D75C2-DB7C-4216-83FB-CCAE86BFAA08}.Release|Any CPU.ActiveCfg = Release|Any CPU
		{8D7D75C2-DB7C-4216-83FB-CCAE86BFAA08}.Release|Any CPU.Build.0 = Release|Any CPU
	EndGlobalSection
	GlobalSection(SolutionProperties) = preSolution
		HideSolutionNode = FALSE
	EndGlobalSection
	GlobalSection(ExtensibilityGlobals) = postSolution
		SolutionGuid = {255E856C-658C-4D70-9AF1-94D42EF84FF3}
	EndGlobalSection
EndGlobal
