
Microsoft Visual Studio Solution File, Format Version 12.00
# Visual Studio 15
VisualStudioVersion = 15.0.28010.2048
MinimumVisualStudioVersion = 10.0.40219.1
Project("{FAE04EC0-301F-11D3-BF4B-00C04F79EFBC}") = "Interface", "Interface\Interface.csproj", "{C4DFB51C-13E4-48B8-ACF9-61A12AC24BCF}"
EndProject
Global
	GlobalSection(SolutionConfigurationPlatforms) = preSolution
		Debug|Any CPU = Debug|Any CPU
		Release|Any CPU = Release|Any CPU
	EndGlobalSection
	GlobalSection(ProjectConfigurationPlatforms) = postSolution
		{C4DFB51C-13E4-48B8-ACF9-61A12AC24BCF}.Debug|Any CPU.ActiveCfg = Debug|Any CPU
		{C4DFB51C-13E4-48B8-ACF9-61A12AC24BCF}.Debug|Any CPU.Build.0 = Debug|Any CPU
		{C4DFB51C-13E4-48B8-ACF9-61A12AC24BCF}.Release|Any CPU.ActiveCfg = Release|Any CPU
		{C4DFB51C-13E4-48B8-ACF9-61A12AC24BCF}.Release|Any CPU.Build.0 = Release|Any CPU
	EndGlobalSection
	GlobalSection(SolutionProperties) = preSolution
		HideSolutionNode = FALSE
	EndGlobalSection
	GlobalSection(ExtensibilityGlobals) = postSolution
		SolutionGuid = {8BF08482-BB10-43A5-B5FF-BE42904A46D3}
	EndGlobalSection
EndGlobal
