
Microsoft Visual Studio Solution File, Format Version 12.00
# Visual Studio 15
VisualStudioVersion = 15.0.28307.106
MinimumVisualStudioVersion = 10.0.40219.1
Project("{FAE04EC0-301F-11D3-BF4B-00C04F79EFBC}") = "AutoInsuranceCalculator", "AutoInsuranceCalculator\AutoInsuranceCalculator.csproj", "{64C0980C-6532-4DCD-BB2E-36287E3AC1C7}"
EndProject
Global
	GlobalSection(SolutionConfigurationPlatforms) = preSolution
		Debug|Any CPU = Debug|Any CPU
		Release|Any CPU = Release|Any CPU
	EndGlobalSection
	GlobalSection(ProjectConfigurationPlatforms) = postSolution
		{64C0980C-6532-4DCD-BB2E-36287E3AC1C7}.Debug|Any CPU.ActiveCfg = Debug|Any CPU
		{64C0980C-6532-4DCD-BB2E-36287E3AC1C7}.Debug|Any CPU.Build.0 = Debug|Any CPU
		{64C0980C-6532-4DCD-BB2E-36287E3AC1C7}.Release|Any CPU.ActiveCfg = Release|Any CPU
		{64C0980C-6532-4DCD-BB2E-36287E3AC1C7}.Release|Any CPU.Build.0 = Release|Any CPU
	EndGlobalSection
	GlobalSection(SolutionProperties) = preSolution
		HideSolutionNode = FALSE
	EndGlobalSection
	GlobalSection(ExtensibilityGlobals) = postSolution
		SolutionGuid = {D1C95A49-3E43-4B13-9217-7C82058E9427}
	EndGlobalSection
EndGlobal
