
Microsoft Visual Studio Solution File, Format Version 12.00
# Visual Studio 15
VisualStudioVersion = 15.0.28010.2048
MinimumVisualStudioVersion = 10.0.40219.1
Project("{FAE04EC0-301F-11D3-BF4B-00C04F79EFBC}") = "Class_Method_Drill3", "Class_Method_Drill3\Class_Method_Drill3.csproj", "{7C8CC77D-EEF7-4AD1-8950-F7DC2ACAD16F}"
EndProject
Global
	GlobalSection(SolutionConfigurationPlatforms) = preSolution
		Debug|Any CPU = Debug|Any CPU
		Release|Any CPU = Release|Any CPU
	EndGlobalSection
	GlobalSection(ProjectConfigurationPlatforms) = postSolution
		{7C8CC77D-EEF7-4AD1-8950-F7DC2ACAD16F}.Debug|Any CPU.ActiveCfg = Debug|Any CPU
		{7C8CC77D-EEF7-4AD1-8950-F7DC2ACAD16F}.Debug|Any CPU.Build.0 = Debug|Any CPU
		{7C8CC77D-EEF7-4AD1-8950-F7DC2ACAD16F}.Release|Any CPU.ActiveCfg = Release|Any CPU
		{7C8CC77D-EEF7-4AD1-8950-F7DC2ACAD16F}.Release|Any CPU.Build.0 = Release|Any CPU
	EndGlobalSection
	GlobalSection(SolutionProperties) = preSolution
		HideSolutionNode = FALSE
	EndGlobalSection
	GlobalSection(ExtensibilityGlobals) = postSolution
		SolutionGuid = {4460FC45-DCA1-49A8-B808-64AA478A0C14}
	EndGlobalSection
EndGlobal
